
Microsoft Visual Studio Solution File, Format Version 12.00
# Visual Studio Version 17
VisualStudioVersion = 17.12.35707.178 d17.12
MinimumVisualStudioVersion = 10.0.40219.1
Project("{FAE04EC0-301F-11D3-BF4B-00C04F79EFBC}") = "ELECTRICIA-Shopping_API", "ELECTRICIA-Shopping_API\ELECTRICIA-Shopping_API.csproj", "{1E2D65F7-6AA8-4A6A-8993-7F01F49B4EBA}"
EndProject
Project("{FAE04EC0-301F-11D3-BF4B-00C04F79EFBC}") = "DataAccessLayer", "DataAccessLayer\DataAccessLayer.csproj", "{F767E021-D0A0-4FEE-A0F4-5484D503EC59}"
EndProject
Project("{FAE04EC0-301F-11D3-BF4B-00C04F79EFBC}") = "RepositoryLayer", "RepositoryLayer\RepositoryLayer.csproj", "{B3E7C3A4-903B-41BB-A8C5-08CA45B5232C}"
EndProject
Project("{FAE04EC0-301F-11D3-BF4B-00C04F79EFBC}") = "UtilityLayer", "UtilityLayer\UtilityLayer.csproj", "{1DB810CB-1AD8-428A-82A4-CB176E3AF0F3}"
EndProject
Global
	GlobalSection(SolutionConfigurationPlatforms) = preSolution
		Debug|Any CPU = Debug|Any CPU
		Release|Any CPU = Release|Any CPU
	EndGlobalSection
	GlobalSection(ProjectConfigurationPlatforms) = postSolution
		{1E2D65F7-6AA8-4A6A-8993-7F01F49B4EBA}.Debug|Any CPU.ActiveCfg = Debug|Any CPU
		{1E2D65F7-6AA8-4A6A-8993-7F01F49B4EBA}.Debug|Any CPU.Build.0 = Debug|Any CPU
		{1E2D65F7-6AA8-4A6A-8993-7F01F49B4EBA}.Release|Any CPU.ActiveCfg = Release|Any CPU
		{1E2D65F7-6AA8-4A6A-8993-7F01F49B4EBA}.Release|Any CPU.Build.0 = Release|Any CPU
		{F767E021-D0A0-4FEE-A0F4-5484D503EC59}.Debug|Any CPU.ActiveCfg = Debug|Any CPU
		{F767E021-D0A0-4FEE-A0F4-5484D503EC59}.Debug|Any CPU.Build.0 = Debug|Any CPU
		{F767E021-D0A0-4FEE-A0F4-5484D503EC59}.Release|Any CPU.ActiveCfg = Release|Any CPU
		{F767E021-D0A0-4FEE-A0F4-5484D503EC59}.Release|Any CPU.Build.0 = Release|Any CPU
		{B3E7C3A4-903B-41BB-A8C5-08CA45B5232C}.Debug|Any CPU.ActiveCfg = Debug|Any CPU
		{B3E7C3A4-903B-41BB-A8C5-08CA45B5232C}.Debug|Any CPU.Build.0 = Debug|Any CPU
		{B3E7C3A4-903B-41BB-A8C5-08CA45B5232C}.Release|Any CPU.ActiveCfg = Release|Any CPU
		{B3E7C3A4-903B-41BB-A8C5-08CA45B5232C}.Release|Any CPU.Build.0 = Release|Any CPU
		{1DB810CB-1AD8-428A-82A4-CB176E3AF0F3}.Debug|Any CPU.ActiveCfg = Debug|Any CPU
		{1DB810CB-1AD8-428A-82A4-CB176E3AF0F3}.Debug|Any CPU.Build.0 = Debug|Any CPU
		{1DB810CB-1AD8-428A-82A4-CB176E3AF0F3}.Release|Any CPU.ActiveCfg = Release|Any CPU
		{1DB810CB-1AD8-428A-82A4-CB176E3AF0F3}.Release|Any CPU.Build.0 = Release|Any CPU
	EndGlobalSection
	GlobalSection(SolutionProperties) = preSolution
		HideSolutionNode = FALSE
	EndGlobalSection
EndGlobal
